// !$*UTF8*$!
{
	archiveVersion = 1;
	classes = {
	};
	objectVersion = 48;
	objects = {

/* Begin PBXBuildFile section */
		67EA9BF51FA1759800440823 /* AppDelegate.m in Sources */ = {isa = PBXBuildFile; fileRef = 67EA9BF41FA1759800440823 /* AppDelegate.m */; };
		67EA9BF81FA1759800440823 /* ViewController.m in Sources */ = {isa = PBXBuildFile; fileRef = 67EA9BF71FA1759800440823 /* ViewController.m */; };
		67EA9BFB1FA1759800440823 /* Main.storyboard in Resources */ = {isa = PBXBuildFile; fileRef = 67EA9BF91FA1759800440823 /* Main.storyboard */; };
		67EA9BFD1FA1759800440823 /* Assets.xcassets in Resources */ = {isa = PBXBuildFile; fileRef = 67EA9BFC1FA1759800440823 /* Assets.xcassets */; };
		67EA9C001FA1759800440823 /* LaunchScreen.storyboard in Resources */ = {isa = PBXBuildFile; fileRef = 67EA9BFE1FA1759800440823 /* LaunchScreen.storyboard */; };
		67EA9C031FA1759800440823 /* main.m in Sources */ = {isa = PBXBuildFile; fileRef = 67EA9C021FA1759800440823 /* main.m */; };
		67EA9C0D1FA1759800440823 /* TestTests.m in Sources */ = {isa = PBXBuildFile; fileRef = 67EA9C0C1FA1759800440823 /* TestTests.m */; };
		67EA9C181FA1759800440823 /* TestUITests.m in Sources */ = {isa = PBXBuildFile; fileRef = 67EA9C171FA1759800440823 /* TestUITests.m */; };
/* End PBXBuildFile section */

/* Begin PBXContainerItemProxy section */
		67EA9C091FA1759800440823 /* PBXContainerItemProxy */ = {
			isa = PBXContainerItemProxy;
			containerPortal = 67EA9BE81FA1759800440823 /* Project object */;
			proxyType = 1;
			remoteGlobalIDString = 67EA9BEF1FA1759800440823;
			remoteInfo = Test;
		};
		67EA9C141FA1759800440823 /* PBXContainerItemProxy */ = {
			isa = PBXContainerItemProxy;
			containerPortal = 67EA9BE81FA1759800440823 /* Project object */;
			proxyType = 1;
			remoteGlobalIDString = 67EA9BEF1FA1759800440823;
			remoteInfo = Test;
		};
/* End PBXContainerItemProxy section */

/* Begin PBXFileReference section */
		67EA9BF01FA1759800440823 /* Test.app */ = {isa = PBXFileReference; explicitFileType = wrapper.application; includeInIndex = 0; path = Test.app; sourceTree = BUILT_PRODUCTS_DIR; };
		67EA9BF31FA1759800440823 /* AppDelegate.h */ = {isa = PBXFileReference; lastKnownFileType = sourcecode.c.h; path = AppDelegate.h; sourceTree = "<group>"; };
		67EA9BF41FA1759800440823 /* AppDelegate.m */ = {isa = PBXFileReference; lastKnownFileType = sourcecode.c.objc; path = AppDelegate.m; sourceTree = "<group>"; };
		67EA9BF61FA1759800440823 /* ViewController.h */ = {isa = PBXFileReference; lastKnownFileType = sourcecode.c.h; path = ViewController.h; sourceTree = "<group>"; };
		67EA9BF71FA1759800440823 /* ViewController.m */ = {isa = PBXFileReference; lastKnownFileType = sourcecode.c.objc; path = ViewController.m; sourceTree = "<group>"; };
		67EA9BFA1FA1759800440823 /* Base */ = {isa = PBXFileReference; lastKnownFileType = file.storyboard; name = Base; path = Base.lproj/Main.storyboard; sourceTree = "<group>"; };
		67EA9BFC1FA1759800440823 /* Assets.xcassets */ = {isa = PBXFileReference; lastKnownFileType = folder.assetcatalog; path = Assets.xcassets; sourceTree = "<group>"; };
		67EA9BFF1FA1759800440823 /* Base */ = {isa = PBXFileReference; lastKnownFileType = file.storyboard; name = Base; path = Base.lproj/LaunchScreen.storyboard; sourceTree = "<group>"; };
		67EA9C011FA1759800440823 /* Info.plist */ = {isa = PBXFileReference; lastKnownFileType = text.plist.xml; path = Info.plist; sourceTree = "<group>"; };
		67EA9C021FA1759800440823 /* main.m */ = {isa = PBXFileReference; lastKnownFileType = sourcecode.c.objc; path = main.m; sourceTree = "<group>"; };
		67EA9C081FA1759800440823 /* TestTests.xctest */ = {isa = PBXFileReference; explicitFileType = wrapper.cfbundle; includeInIndex = 0; path = TestTests.xctest; sourceTree = BUILT_PRODUCTS_DIR; };
		67EA9C0C1FA1759800440823 /* TestTests.m */ = {isa = PBXFileReference; lastKnownFileType = sourcecode.c.objc; path = TestTests.m; sourceTree = "<group>"; };
		67EA9C0E1FA1759800440823 /* Info.plist */ = {isa = PBXFileReference; lastKnownFileType = text.plist.xml; path = Info.plist; sourceTree = "<group>"; };
		67EA9C131FA1759800440823 /* TestUITests.xctest */ = {isa = PBXFileReference; explicitFileType = wrapper.cfbundle; includeInIndex = 0; path = TestUITests.xctest; sourceTree = BUILT_PRODUCTS_DIR; };
		67EA9C171FA1759800440823 /* TestUITests.m */ = {isa = PBXFileReference; lastKnownFileType = sourcecode.c.objc; path = TestUITests.m; sourceTree = "<group>"; };
		67EA9C191FA1759800440823 /* Info.plist */ = {isa = PBXFileReference; lastKnownFileType = text.plist.xml; path = Info.plist; sourceTree = "<group>"; };
/* End PBXFileReference section */

/* Begin PBXFrameworksBuildPhase section */
		67EA9BED1FA1759800440823 /* Frameworks */ = {
			isa = PBXFrameworksBuildPhase;
			buildActionMask = 2147483647;
			files = (
			);
			runOnlyForDeploymentPostprocessing = 0;
		};
		67EA9C051FA1759800440823 /* Frameworks */ = {
			isa = PBXFrameworksBuildPhase;
			buildActionMask = 2147483647;
			files = (
			);
			runOnlyForDeploymentPostprocessing = 0;
		};
		67EA9C101FA1759800440823 /* Frameworks */ = {
			isa = PBXFrameworksBuildPhase;
			buildActionMask = 2147483647;
			files = (
			);
			runOnlyForDeploymentPostprocessing = 0;
		};
/* End PBXFrameworksBuildPhase section */

/* Begin PBXGroup section */
		67EA9BE71FA1759800440823 = {
			isa = PBXGroup;
			children = (
				67EA9BF21FA1759800440823 /* Test */,
				67EA9C0B1FA1759800440823 /* TestTests */,
				67EA9C161FA1759800440823 /* TestUITests */,
				67EA9BF11FA1759800440823 /* Products */,
			);
			sourceTree = "<group>";
		};
		67EA9BF11FA1759800440823 /* Products */ = {
			isa = PBXGroup;
			children = (
				67EA9BF01FA1759800440823 /* Test.app */,
				67EA9C081FA1759800440823 /* TestTests.xctest */,
				67EA9C131FA1759800440823 /* TestUITests.xctest */,
			);
			name = Products;
			sourceTree = "<group>";
		};
		67EA9BF21FA1759800440823 /* Test */ = {
			isa = PBXGroup;
			children = (
				67EA9BF31FA1759800440823 /* AppDelegate.h */,
				67EA9BF41FA1759800440823 /* AppDelegate.m */,
				67EA9BF61FA1759800440823 /* ViewController.h */,
				67EA9BF71FA1759800440823 /* ViewController.m */,
				67EA9BF91FA1759800440823 /* Main.storyboard */,
				67EA9BFC1FA1759800440823 /* Assets.xcassets */,
				67EA9BFE1FA1759800440823 /* LaunchScreen.storyboard */,
				67EA9C011FA1759800440823 /* Info.plist */,
				67EA9C021FA1759800440823 /* main.m */,
			);
			path = Test;
			sourceTree = "<group>";
		};
		67EA9C0B1FA1759800440823 /* TestTests */ = {
			isa = PBXGroup;
			children = (
				67EA9C0C1FA1759800440823 /* TestTests.m */,
				67EA9C0E1FA1759800440823 /* Info.plist */,
			);
			path = TestTests;
			sourceTree = "<group>";
		};
		67EA9C161FA1759800440823 /* TestUITests */ = {
			isa = PBXGroup;
			children = (
				67EA9C171FA1759800440823 /* TestUITests.m */,
				67EA9C191FA1759800440823 /* Info.plist */,
			);
			path = TestUITests;
			sourceTree = "<group>";
		};
/* End PBXGroup section */

/* Begin PBXNativeTarget section */
		67EA9BEF1FA1759800440823 /* Test */ = {
			isa = PBXNativeTarget;
			buildConfigurationList = 67EA9C1C1FA1759800440823 /* Build configuration list for PBXNativeTarget "Test" */;
			buildPhases = (
				67EA9BEC1FA1759800440823 /* Sources */,
				67EA9BED1FA1759800440823 /* Frameworks */,
				67EA9BEE1FA1759800440823 /* Resources */,
			);
			buildRules = (
			);
			dependencies = (
			);
			name = Test;
			productName = Test;
			productReference = 67EA9BF01FA1759800440823 /* Test.app */;
			productType = "com.apple.product-type.application";
		};
		67EA9C071FA1759800440823 /* TestTests */ = {
			isa = PBXNativeTarget;
			buildConfigurationList = 67EA9C1F1FA1759800440823 /* Build configuration list for PBXNativeTarget "TestTests" */;
			buildPhases = (
				67EA9C041FA1759800440823 /* Sources */,
				67EA9C051FA1759800440823 /* Frameworks */,
				67EA9C061FA1759800440823 /* Resources */,
			);
			buildRules = (
			);
			dependencies = (
				67EA9C0A1FA1759800440823 /* PBXTargetDependency */,
			);
			name = TestTests;
			productName = TestTests;
			productReference = 67EA9C081FA1759800440823 /* TestTests.xctest */;
			productType = "com.apple.product-type.bundle.unit-test";
		};
		67EA9C121FA1759800440823 /* TestUITests */ = {
			isa = PBXNativeTarget;
			buildConfigurationList = 67EA9C221FA1759800440823 /* Build configuration list for PBXNativeTarget "TestUITests" */;
			buildPhases = (
				67EA9C0F1FA1759800440823 /* Sources */,
				67EA9C101FA1759800440823 /* Frameworks */,
				67EA9C111FA1759800440823 /* Resources */,
			);
			buildRules = (
			);
			dependencies = (
				67EA9C151FA1759800440823 /* PBXTargetDependency */,
			);
			name = TestUITests;
			productName = TestUITests;
			productReference = 67EA9C131FA1759800440823 /* TestUITests.xctest */;
			productType = "com.apple.product-type.bundle.ui-testing";
		};
/* End PBXNativeTarget section */

/* Begin PBXProject section */
		67EA9BE81FA1759800440823 /* Project object */ = {
			isa = PBXProject;
			attributes = {
				LastUpgradeCheck = 0900;
				ORGANIZATIONNAME = PrinceXuan;
				TargetAttributes = {
					67EA9BEF1FA1759800440823 = {
						CreatedOnToolsVersion = 9.0;
						ProvisioningStyle = Automatic;
					};
					67EA9C071FA1759800440823 = {
						CreatedOnToolsVersion = 9.0;
						ProvisioningStyle = Automatic;
						TestTargetID = 67EA9BEF1FA1759800440823;
					};
					67EA9C121FA1759800440823 = {
						CreatedOnToolsVersion = 9.0;
						ProvisioningStyle = Automatic;
						TestTargetID = 67EA9BEF1FA1759800440823;
					};
				};
			};
			buildConfigurationList = 67EA9BEB1FA1759800440823 /* Build configuration list for PBXProject "Test" */;
			compatibilityVersion = "Xcode 8.0";
			developmentRegion = en;
			hasScannedForEncodings = 0;
			knownRegions = (
				en,
				Base,
			);
			mainGroup = 67EA9BE71FA1759800440823;
			productRefGroup = 67EA9BF11FA1759800440823 /* Products */;
			projectDirPath = "";
			projectRoot = "";
			targets = (
				67EA9BEF1FA1759800440823 /* Test */,
				67EA9C071FA1759800440823 /* TestTests */,
				67EA9C121FA1759800440823 /* TestUITests */,
			);
		};
/* End PBXProject section */

/* Begin PBXResourcesBuildPhase section */
		67EA9BEE1FA1759800440823 /* Resources */ = {
			isa = PBXResourcesBuildPhase;
			buildActionMask = 2147483647;
			files = (
				67EA9C001FA1759800440823 /* LaunchScreen.storyboard in Resources */,
				67EA9BFD1FA1759800440823 /* Assets.xcassets in Resources */,
				67EA9BFB1FA1759800440823 /* Main.storyboard in Resources */,
			);
			runOnlyForDeploymentPostprocessing = 0;
		};
		67EA9C061FA1759800440823 /* Resources */ = {
			isa = PBXResourcesBuildPhase;
			buildActionMask = 2147483647;
			files = (
			);
			runOnlyForDeploymentPostprocessing = 0;
		};
		67EA9C111FA1759800440823 /* Resources */ = {
			isa = PBXResourcesBuildPhase;
			buildActionMask = 2147483647;
			files = (
			);
			runOnlyForDeploymentPostprocessing = 0;
		};
/* End PBXResourcesBuildPhase section */

/* Begin PBXSourcesBuildPhase section */
		67EA9BEC1FA1759800440823 /* Sources */ = {
			isa = PBXSourcesBuildPhase;
			buildActionMask = 2147483647;
			files = (
				67EA9BF81FA1759800440823 /* ViewController.m in Sources */,
				67EA9C031FA1759800440823 /* main.m in Sources */,
				67EA9BF51FA1759800440823 /* AppDelegate.m in Sources */,
			);
			runOnlyForDeploymentPostprocessing = 0;
		};
		67EA9C041FA1759800440823 /* Sources */ = {
			isa = PBXSourcesBuildPhase;
			buildActionMask = 2147483647;
			files = (
				67EA9C0D1FA1759800440823 /* TestTests.m in Sources */,
			);
			runOnlyForDeploymentPostprocessing = 0;
		};
		67EA9C0F1FA1759800440823 /* Sources */ = {
			isa = PBXSourcesBuildPhase;
			buildActionMask = 2147483647;
			files = (
				67EA9C181FA1759800440823 /* TestUITests.m in Sources */,
			);
			runOnlyForDeploymentPostprocessing = 0;
		};
/* End PBXSourcesBuildPhase section */

/* Begin PBXTargetDependency section */
		67EA9C0A1FA1759800440823 /* PBXTargetDependency */ = {
			isa = PBXTargetDependency;
			target = 67EA9BEF1FA1759800440823 /* Test */;
			targetProxy = 67EA9C091FA1759800440823 /* PBXContainerItemProxy */;
		};
		67EA9C151FA1759800440823 /* PBXTargetDependency */ = {
			isa = PBXTargetDependency;
			target = 67EA9BEF1FA1759800440823 /* Test */;
			targetProxy = 67EA9C141FA1759800440823 /* PBXContainerItemProxy */;
		};
/* End PBXTargetDependency section */

/* Begin PBXVariantGroup section */
		67EA9BF91FA1759800440823 /* Main.storyboard */ = {
			isa = PBXVariantGroup;
			children = (
				67EA9BFA1FA1759800440823 /* Base */,
			);
			name = Main.storyboard;
			sourceTree = "<group>";
		};
		67EA9BFE1FA1759800440823 /* LaunchScreen.storyboard */ = {
			isa = PBXVariantGroup;
			children = (
				67EA9BFF1FA1759800440823 /* Base */,
			);
			name = LaunchScreen.storyboard;
			sourceTree = "<group>";
		};
/* End PBXVariantGroup section */

/* Begin XCBuildConfiguration section */
		67EA9C1A1FA1759800440823 /* Debug */ = {
			isa = XCBuildConfiguration;
			buildSettings = {
				ALWAYS_SEARCH_USER_PATHS = NO;
				CLANG_ANALYZER_NONNULL = YES;
				CLANG_ANALYZER_NUMBER_OBJECT_CONVERSION = YES_AGGRESSIVE;
				CLANG_CXX_LANGUAGE_STANDARD = "gnu++14";
				CLANG_CXX_LIBRARY = "libc++";
				CLANG_ENABLE_MODULES = YES;
				CLANG_ENABLE_OBJC_ARC = YES;
				CLANG_WARN_BLOCK_CAPTURE_AUTORELEASING = YES;
				CLANG_WARN_BOOL_CONVERSION = YES;
				CLANG_WARN_COMMA = YES;
				CLANG_WARN_CONSTANT_CONVERSION = YES;
				CLANG_WARN_DIRECT_OBJC_ISA_USAGE = YES_ERROR;
				CLANG_WARN_DOCUMENTATION_COMMENTS = YES;
				CLANG_WARN_EMPTY_BODY = YES;
				CLANG_WARN_ENUM_CONVERSION = YES;
				CLANG_WARN_INFINITE_RECURSION = YES;
				CLANG_WARN_INT_CONVERSION = YES;
				CLANG_WARN_NON_LITERAL_NULL_CONVERSION = YES;
				CLANG_WARN_OBJC_LITERAL_CONVERSION = YES;
				CLANG_WARN_OBJC_ROOT_CLASS = YES_ERROR;
				CLANG_WARN_RANGE_LOOP_ANALYSIS = YES;
				CLANG_WARN_STRICT_PROTOTYPES = YES;
				CLANG_WARN_SUSPICIOUS_MOVE = YES;
				CLANG_WARN_UNGUARDED_AVAILABILITY = YES_AGGRESSIVE;
				CLANG_WARN_UNREACHABLE_CODE = YES;
				CLANG_WARN__DUPLICATE_METHOD_MATCH = YES;
				CODE_SIGN_IDENTITY = "iPhone Developer";
				COPY_PHASE_STRIP = NO;
				DEBUG_INFORMATION_FORMAT = dwarf;
				ENABLE_STRICT_OBJC_MSGSEND = YES;
				ENABLE_TESTABILITY = YES;
				GCC_C_LANGUAGE_STANDARD = gnu11;
				GCC_DYNAMIC_NO_PIC = NO;
				GCC_NO_COMMON_BLOCKS = YES;
				GCC_OPTIMIZATION_LEVEL = 0;
				GCC_PREPROCESSOR_DEFINITIONS = (
					"DEBUG=1",
					"$(inherited)",
				);
				GCC_WARN_64_TO_32_BIT_CONVERSION = YES;
				GCC_WARN_ABOUT_RETURN_TYPE = YES_ERROR;
				GCC_WARN_UNDECLARED_SELECTOR = YES;
				GCC_WARN_UNINITIALIZED_AUTOS = YES_AGGRESSIVE;
				GCC_WARN_UNUSED_FUNCTION = YES;
				GCC_WARN_UNUSED_VARIABLE = YES;
				IPHONEOS_DEPLOYMENT_TARGET = 11.0;
				MTL_ENABLE_DEBUG_INFO = YES;
				ONLY_ACTIVE_ARCH = YES;
				SDKROOT = iphoneos;
			};
			name = Debug;
		};
		67EA9C1B1FA1759800440823 /* Release */ = {
			isa = XCBuildConfiguration;
			buildSettings = {
				ALWAYS_SEARCH_USER_PATHS = NO;
				CLANG_ANALYZER_NONNULL = YES;
				CLANG_ANALYZER_NUMBER_OBJECT_CONVERSION = YES_AGGRESSIVE;
				CLANG_CXX_LANGUAGE_STANDARD = "gnu++14";
				CLANG_CXX_LIBRARY = "libc++";
				CLANG_ENABLE_MODULES = YES;
				CLANG_ENABLE_OBJC_ARC = YES;
				CLANG_WARN_BLOCK_CAPTURE_AUTORELEASING = YES;
				CLANG_WARN_BOOL_CONVERSION = YES;
				CLANG_WARN_COMMA = YES;
				CLANG_WARN_CONSTANT_CONVERSION = YES;
				CLANG_WARN_DIRECT_OBJC_ISA_USAGE = YES_ERROR;
				CLANG_WARN_DOCUMENTATION_COMMENTS = YES;
				CLANG_WARN_EMPTY_BODY = YES;
				CLANG_WARN_ENUM_CONVERSION = YES;
				CLANG_WARN_INFINITE_RECURSION = YES;
				CLANG_WARN_INT_CONVERSION = YES;
				CLANG_WARN_NON_LITERAL_NULL_CONVERSION = YES;
				CLANG_WARN_OBJC_LITERAL_CONVERSION = YES;
				CLANG_WARN_OBJC_ROOT_CLASS = YES_ERROR;
				CLANG_WARN_RANGE_LOOP_ANALYSIS = YES;
				CLANG_WARN_STRICT_PROTOTYPES = YES;
				CLANG_WARN_SUSPICIOUS_MOVE = YES;
				CLANG_WARN_UNGUARDED_AVAILABILITY = YES_AGGRESSIVE;
				CLANG_WARN_UNREACHABLE_CODE = YES;
				CLANG_WARN__DUPLICATE_METHOD_MATCH = YES;
				CODE_SIGN_IDENTITY = "iPhone Developer";
				COPY_PHASE_STRIP = NO;
				DEBUG_INFORMATION_FORMAT = "dwarf-with-dsym";
				ENABLE_NS_ASSERTIONS = NO;
				ENABLE_STRICT_OBJC_MSGSEND = YES;
				GCC_C_LANGUAGE_STANDARD = gnu11;
				GCC_NO_COMMON_BLOCKS = YES;
				GCC_WARN_64_TO_32_BIT_CONVERSION = YES;
				GCC_WARN_ABOUT_RETURN_TYPE = YES_ERROR;
				GCC_WARN_UNDECLARED_SELECTOR = YES;
				GCC_WARN_UNINITIALIZED_AUTOS = YES_AGGRESSIVE;
				GCC_WARN_UNUSED_FUNCTION = YES;
				GCC_WARN_UNUSED_VARIABLE = YES;
				IPHONEOS_DEPLOYMENT_TARGET = 11.0;
				MTL_ENABLE_DEBUG_INFO = NO;
				SDKROOT = iphoneos;
				VALIDATE_PRODUCT = YES;
			};
			name = Release;
		};
		67EA9C1D1FA1759800440823 /* Debug */ = {
			isa = XCBuildConfiguration;
			buildSettings = {
				ASSETCATALOG_COMPILER_APPICON_NAME = AppIcon;
				CODE_SIGN_STYLE = Automatic;
				DEVELOPMENT_TEAM = 4245V4N2J2;
				INFOPLIST_FILE = Test/Info.plist;
				LD_RUNPATH_SEARCH_PATHS = "$(inherited) @executable_path/Frameworks";
				PRODUCT_BUNDLE_IDENTIFIER = com.newairtek.Test;
				PRODUCT_NAME = "$(TARGET_NAME)";
				TARGETED_DEVICE_FAMILY = "1,2";
			};
			name = Debug;
		};
		67EA9C1E1FA1759800440823 /* Release */ = {
			isa = XCBuildConfiguration;
			buildSettings = {
				ASSETCATALOG_COMPILER_APPICON_NAME = AppIcon;
				CODE_SIGN_STYLE = Automatic;
				DEVELOPMENT_TEAM = 4245V4N2J2;
				INFOPLIST_FILE = Test/Info.plist;
				LD_RUNPATH_SEARCH_PATHS = "$(inherited) @executable_path/Frameworks";
				PRODUCT_BUNDLE_IDENTIFIER = com.newairtek.Test;
				PRODUCT_NAME = "$(TARGET_NAME)";
				TARGETED_DEVICE_FAMILY = "1,2";
			};
			name = Release;
		};
		67EA9C201FA1759800440823 /* Debug */ = {
			isa = XCBuildConfiguration;
			buildSettings = {
				BUNDLE_LOADER = "$(TEST_HOST)";
				CODE_SIGN_STYLE = Automatic;
				DEVELOPMENT_TEAM = 4245V4N2J2;
				INFOPLIST_FILE = TestTests/Info.plist;
				LD_RUNPATH_SEARCH_PATHS = "$(inherited) @executable_path/Frameworks @loader_path/Frameworks";
				PRODUCT_BUNDLE_IDENTIFIER = com.newairtek.TestTests;
				PRODUCT_NAME = "$(TARGET_NAME)";
				TARGETED_DEVICE_FAMILY = "1,2";
				TEST_HOST = "$(BUILT_PRODUCTS_DIR)/Test.app/Test";
			};
			name = Debug;
		};
		67EA9C211FA1759800440823 /* Release */ = {
			isa = XCBuildConfiguration;
			buildSettings = {
				BUNDLE_LOADER = "$(TEST_HOST)";
				CODE_SIGN_STYLE = Automatic;
				DEVELOPMENT_TEAM = 4245V4N2J2;
				INFOPLIST_FILE = TestTests/Info.plist;
				LD_RUNPATH_SEARCH_PATHS = "$(inherited) @executable_path/Frameworks @loader_path/Frameworks";
				PRODUCT_BUNDLE_IDENTIFIER = com.newairtek.TestTests;
				PRODUCT_NAME = "$(TARGET_NAME)";
				TARGETED_DEVICE_FAMILY = "1,2";
				TEST_HOST = "$(BUILT_PRODUCTS_DIR)/Test.app/Test";
			};
			name = Release;
		};
		67EA9C231FA1759800440823 /* Debug */ = {
			isa = XCBuildConfiguration;
			buildSettings = {
				CODE_SIGN_STYLE = Automatic;
				DEVELOPMENT_TEAM = 4245V4N2J2;
				INFOPLIST_FILE = TestUITests/Info.plist;
				LD_RUNPATH_SEARCH_PATHS = "$(inherited) @executable_path/Frameworks @loader_path/Frameworks";
				PRODUCT_BUNDLE_IDENTIFIER = com.newairtek.TestUITests;
				PRODUCT_NAME = "$(TARGET_NAME)";
				TARGETED_DEVICE_FAMILY = "1,2";
				TEST_TARGET_NAME = Test;
			};
			name = Debug;
		};
		67EA9C241FA1759800440823 /* Release */ = {
			isa = XCBuildConfiguration;
			buildSettings = {
				CODE_SIGN_STYLE = Automatic;
				DEVELOPMENT_TEAM = 4245V4N2J2;
				INFOPLIST_FILE = TestUITests/Info.plist;
				LD_RUNPATH_SEARCH_PATHS = "$(inherited) @executable_path/Frameworks @loader_path/Frameworks";
				PRODUCT_BUNDLE_IDENTIFIER = com.newairtek.TestUITests;
				PRODUCT_NAME = "$(TARGET_NAME)";
				TARGETED_DEVICE_FAMILY = "1,2";
				TEST_TARGET_NAME = Test;
			};
			name = Release;
		};
/* End XCBuildConfiguration section */

/* Begin XCConfigurationList section */
		67EA9BEB1FA1759800440823 /* Build configuration list for PBXProject "Test" */ = {
			isa = XCConfigurationList;
			buildConfigurations = (
				67EA9C1A1FA1759800440823 /* Debug */,
				67EA9C1B1FA1759800440823 /* Release */,
			);
			defaultConfigurationIsVisible = 0;
			defaultConfigurationName = Release;
		};
		67EA9C1C1FA1759800440823 /* Build configuration list for PBXNativeTarget "Test" */ = {
			isa = XCConfigurationList;
			buildConfigurations = (
				67EA9C1D1FA1759800440823 /* Debug */,
				67EA9C1E1FA1759800440823 /* Release */,
			);
			defaultConfigurationIsVisible = 0;
			defaultConfigurationName = Release;
		};
		67EA9C1F1FA1759800440823 /* Build configuration list for PBXNativeTarget "TestTests" */ = {
			isa = XCConfigurationList;
			buildConfigurations = (
				67EA9C201FA1759800440823 /* Debug */,
				67EA9C211FA1759800440823 /* Release */,
			);
			defaultConfigurationIsVisible = 0;
			defaultConfigurationName = Release;
		};
		67EA9C221FA1759800440823 /* Build configuration list for PBXNativeTarget "TestUITests" */ = {
			isa = XCConfigurationList;
			buildConfigurations = (
				67EA9C231FA1759800440823 /* Debug */,
				67EA9C241FA1759800440823 /* Release */,
			);
			defaultConfigurationIsVisible = 0;
			defaultConfigurationName = Release;
		};
/* End XCConfigurationList section */
	};
	rootObject = 67EA9BE81FA1759800440823 /* Project object */;
}
